[[package]]
name = "cc"
version = "1.0.24"
source = "registry+https://github.com/rust-lang/crates.io-index"

[[package]]
name = "nghttp2-sys"
version = "0.1.0"
dependencies = [
 "cc 1.0.24 (registry+https://github.com/rust-lang/crates.io-index)",
]

[metadata]
"checksum cc 1.0.24 (registry+https://github.com/rust-lang/crates.io-index)" = "70f2a88c2e69ceee91c209d8ef25b81fc1a65f42c7f14dfd59d1fed189e514d1"
